
Microsoft Visual Studio Solution File, Format Version 12.00
# Visual Studio 2012
Project("{FAE04EC0-301F-11D3-BF4B-00C04F79EFBC}") = "MvcApplication", "MvcApplication\MvcApplication.csproj", "{A07424FD-4EB1-4836-B8B5-72C7C47D7374}"
EndProject
Project("{FAE04EC0-301F-11D3-BF4B-00C04F79EFBC}") = "MvcApplication.Tests", "MvcApplication.Tests\MvcApplication.Tests.csproj", "{4011CE65-3C68-43FF-86E8-6A5117B35C76}"
EndProject
Global
	GlobalSection(SolutionConfigurationPlatforms) = preSolution
		Debug|Any CPU = Debug|Any CPU
		Release|Any CPU = Release|Any CPU
	EndGlobalSection
	GlobalSection(ProjectConfigurationPlatforms) = postSolution
		{A07424FD-4EB1-4836-B8B5-72C7C47D7374}.Debug|Any CPU.ActiveCfg = Debug|Any CPU
		{A07424FD-4EB1-4836-B8B5-72C7C47D7374}.Debug|Any CPU.Build.0 = Debug|Any CPU
		{A07424FD-4EB1-4836-B8B5-72C7C47D7374}.Release|Any CPU.ActiveCfg = Release|Any CPU
		{A07424FD-4EB1-4836-B8B5-72C7C47D7374}.Release|Any CPU.Build.0 = Release|Any CPU
		{4011CE65-3C68-43FF-86E8-6A5117B35C76}.Debug|Any CPU.ActiveCfg = Debug|Any CPU
		{4011CE65-3C68-43FF-86E8-6A5117B35C76}.Debug|Any CPU.Build.0 = Debug|Any CPU
		{4011CE65-3C68-43FF-86E8-6A5117B35C76}.Release|Any CPU.ActiveCfg = Release|Any CPU
		{4011CE65-3C68-43FF-86E8-6A5117B35C76}.Release|Any CPU.Build.0 = Release|Any CPU
	EndGlobalSection
	GlobalSection(SolutionProperties) = preSolution
		HideSolutionNode = FALSE
	EndGlobalSection
EndGlobal
